
Microsoft Visual Studio Solution File, Format Version 11.00
# Visual Studio 2010
Project("{FAE04EC0-301F-11D3-BF4B-00C04F79EFBC}") = "Tekstenuitleg", "Tekstenuitleg\Tekstenuitleg.csproj", "{DBE43826-5FEE-48CB-8DFC-94A4FBD9F390}"
EndProject
Project("{FAE04EC0-301F-11D3-BF4B-00C04F79EFBC}") = "ImageAlignmentMacroParameter", "ImageAlignmentMacroParameter\ImageAlignmentMacroParameter.csproj", "{50CCF8AF-108C-47D2-AEDF-7AF437437F9A}"
EndProject
Global
	GlobalSection(SolutionConfigurationPlatforms) = preSolution
		Debug|Any CPU = Debug|Any CPU
		Release|Any CPU = Release|Any CPU
	EndGlobalSection
	GlobalSection(ProjectConfigurationPlatforms) = postSolution
		{DBE43826-5FEE-48CB-8DFC-94A4FBD9F390}.Debug|Any CPU.ActiveCfg = Debug|Any CPU
		{DBE43826-5FEE-48CB-8DFC-94A4FBD9F390}.Debug|Any CPU.Build.0 = Debug|Any CPU
		{DBE43826-5FEE-48CB-8DFC-94A4FBD9F390}.Release|Any CPU.ActiveCfg = Release|Any CPU
		{DBE43826-5FEE-48CB-8DFC-94A4FBD9F390}.Release|Any CPU.Build.0 = Release|Any CPU
		{50CCF8AF-108C-47D2-AEDF-7AF437437F9A}.Debug|Any CPU.ActiveCfg = Debug|Any CPU
		{50CCF8AF-108C-47D2-AEDF-7AF437437F9A}.Debug|Any CPU.Build.0 = Debug|Any CPU
		{50CCF8AF-108C-47D2-AEDF-7AF437437F9A}.Release|Any CPU.ActiveCfg = Release|Any CPU
		{50CCF8AF-108C-47D2-AEDF-7AF437437F9A}.Release|Any CPU.Build.0 = Release|Any CPU
	EndGlobalSection
	GlobalSection(SolutionProperties) = preSolution
		HideSolutionNode = FALSE
	EndGlobalSection
EndGlobal
